
Microsoft Visual Studio Solution File, Format Version 12.00
# Visual Studio Version 17
VisualStudioVersion = 17.2.32616.157
MinimumVisualStudioVersion = 10.0.40219.1
Project("{9A19103F-16F7-4668-BE54-9A1E7A4F7556}") = "BookingSystem", "BookingSystem\BookingSystem.csproj", "{66A252C8-8213-4633-882F-8831BC0EF9F8}"
EndProject
Project("{9A19103F-16F7-4668-BE54-9A1E7A4F7556}") = "HotelsSystem", "HotelsSystem\HotelsSystem.csproj", "{0EA498D1-23B0-4072-924A-5EFD1942006E}"
EndProject
Project("{9A19103F-16F7-4668-BE54-9A1E7A4F7556}") = "CarRentalSystem", "CarRentalSystem\CarRentalSystem.csproj", "{FE284DF5-93DC-419F-9DD3-0D74ECB98C40}"
EndProject
Global
	GlobalSection(SolutionConfigurationPlatforms) = preSolution
		Debug|Any CPU = Debug|Any CPU
		Release|Any CPU = Release|Any CPU
	EndGlobalSection
	GlobalSection(ProjectConfigurationPlatforms) = postSolution
		{66A252C8-8213-4633-882F-8831BC0EF9F8}.Debug|Any CPU.ActiveCfg = Debug|Any CPU
		{66A252C8-8213-4633-882F-8831BC0EF9F8}.Debug|Any CPU.Build.0 = Debug|Any CPU
		{66A252C8-8213-4633-882F-8831BC0EF9F8}.Release|Any CPU.ActiveCfg = Release|Any CPU
		{66A252C8-8213-4633-882F-8831BC0EF9F8}.Release|Any CPU.Build.0 = Release|Any CPU
		{0EA498D1-23B0-4072-924A-5EFD1942006E}.Debug|Any CPU.ActiveCfg = Debug|Any CPU
		{0EA498D1-23B0-4072-924A-5EFD1942006E}.Debug|Any CPU.Build.0 = Debug|Any CPU
		{0EA498D1-23B0-4072-924A-5EFD1942006E}.Release|Any CPU.ActiveCfg = Release|Any CPU
		{0EA498D1-23B0-4072-924A-5EFD1942006E}.Release|Any CPU.Build.0 = Release|Any CPU
		{FE284DF5-93DC-419F-9DD3-0D74ECB98C40}.Debug|Any CPU.ActiveCfg = Debug|Any CPU
		{FE284DF5-93DC-419F-9DD3-0D74ECB98C40}.Debug|Any CPU.Build.0 = Debug|Any CPU
		{FE284DF5-93DC-419F-9DD3-0D74ECB98C40}.Release|Any CPU.ActiveCfg = Release|Any CPU
		{FE284DF5-93DC-419F-9DD3-0D74ECB98C40}.Release|Any CPU.Build.0 = Release|Any CPU
	EndGlobalSection
	GlobalSection(SolutionProperties) = preSolution
		HideSolutionNode = FALSE
	EndGlobalSection
	GlobalSection(ExtensibilityGlobals) = postSolution
		SolutionGuid = {7B028885-7D54-4B2E-8910-E07269E2CB77}
	EndGlobalSection
EndGlobal
